
Microsoft Visual Studio Solution File, Format Version 12.00
# Visual Studio 15
VisualStudioVersion = 15.0.28307.1831
MinimumVisualStudioVersion = 10.0.40219.1
Project("{FAE04EC0-301F-11D3-BF4B-00C04F79EFBC}") = "HomeWork01", "HomeWork01\HomeWork01.csproj", "{0D9A35CA-A0EE-4137-B5F0-3AA837D813F4}"
EndProject
Project("{FAE04EC0-301F-11D3-BF4B-00C04F79EFBC}") = "HomeWork02", "HomeWork02\HomeWork02.csproj", "{D22FD6BD-8CE7-4628-8B56-C8341BBCC23B}"
EndProject
Project("{FAE04EC0-301F-11D3-BF4B-00C04F79EFBC}") = "HomeWork03", "HomeWork03\HomeWork03.csproj", "{DD8C73A9-1728-4E33-87CA-9D1C20CE0872}"
EndProject
Global
	GlobalSection(SolutionConfigurationPlatforms) = preSolution
		Debug|Any CPU = Debug|Any CPU
		Release|Any CPU = Release|Any CPU
	EndGlobalSection
	GlobalSection(ProjectConfigurationPlatforms) = postSolution
		{0D9A35CA-A0EE-4137-B5F0-3AA837D813F4}.Debug|Any CPU.ActiveCfg = Debug|Any CPU
		{0D9A35CA-A0EE-4137-B5F0-3AA837D813F4}.Debug|Any CPU.Build.0 = Debug|Any CPU
		{0D9A35CA-A0EE-4137-B5F0-3AA837D813F4}.Release|Any CPU.ActiveCfg = Release|Any CPU
		{0D9A35CA-A0EE-4137-B5F0-3AA837D813F4}.Release|Any CPU.Build.0 = Release|Any CPU
		{D22FD6BD-8CE7-4628-8B56-C8341BBCC23B}.Debug|Any CPU.ActiveCfg = Debug|Any CPU
		{D22FD6BD-8CE7-4628-8B56-C8341BBCC23B}.Debug|Any CPU.Build.0 = Debug|Any CPU
		{D22FD6BD-8CE7-4628-8B56-C8341BBCC23B}.Release|Any CPU.ActiveCfg = Release|Any CPU
		{D22FD6BD-8CE7-4628-8B56-C8341BBCC23B}.Release|Any CPU.Build.0 = Release|Any CPU
		{DD8C73A9-1728-4E33-87CA-9D1C20CE0872}.Debug|Any CPU.ActiveCfg = Debug|Any CPU
		{DD8C73A9-1728-4E33-87CA-9D1C20CE0872}.Debug|Any CPU.Build.0 = Debug|Any CPU
		{DD8C73A9-1728-4E33-87CA-9D1C20CE0872}.Release|Any CPU.ActiveCfg = Release|Any CPU
		{DD8C73A9-1728-4E33-87CA-9D1C20CE0872}.Release|Any CPU.Build.0 = Release|Any CPU
	EndGlobalSection
	GlobalSection(SolutionProperties) = preSolution
		HideSolutionNode = FALSE
	EndGlobalSection
	GlobalSection(ExtensibilityGlobals) = postSolution
		SolutionGuid = {BBCB2002-DFB3-443E-B529-8781B59C2AF0}
	EndGlobalSection
EndGlobal
